
Microsoft Visual Studio Solution File, Format Version 12.00
# Visual Studio 15
VisualStudioVersion = 15.0.27130.2010
MinimumVisualStudioVersion = 10.0.40219.1
Project("{FAE04EC0-301F-11D3-BF4B-00C04F79EFBC}") = "AmonFinalProect", "AmonFinalProect\AmonFinalProect.csproj", "{2609624F-AED2-4B92-9C66-BFBFB7FED59D}"
EndProject
Global
	GlobalSection(SolutionConfigurationPlatforms) = preSolution
		Debug|Any CPU = Debug|Any CPU
		Release|Any CPU = Release|Any CPU
	EndGlobalSection
	GlobalSection(ProjectConfigurationPlatforms) = postSolution
		{2609624F-AED2-4B92-9C66-BFBFB7FED59D}.Debug|Any CPU.ActiveCfg = Debug|Any CPU
		{2609624F-AED2-4B92-9C66-BFBFB7FED59D}.Debug|Any CPU.Build.0 = Debug|Any CPU
		{2609624F-AED2-4B92-9C66-BFBFB7FED59D}.Release|Any CPU.ActiveCfg = Release|Any CPU
		{2609624F-AED2-4B92-9C66-BFBFB7FED59D}.Release|Any CPU.Build.0 = Release|Any CPU
	EndGlobalSection
	GlobalSection(SolutionProperties) = preSolution
		HideSolutionNode = FALSE
	EndGlobalSection
	GlobalSection(ExtensibilityGlobals) = postSolution
		SolutionGuid = {0EA01538-BFEE-4E94-9B3B-3DFA361C5B14}
	EndGlobalSection
EndGlobal
